Microsoft Visual Studio Solution File, Format Version 12.00
# Visual Studio Version 17
VisualStudioVersion = 17.5.2.0
MinimumVisualStudioVersion = 10.0.40219.1
Project("{FAE04EC0-301F-11D3-BF4B-00C04F79EFBC}") = "VismaEnterprise.HomeTask.Web", "VismaEnterprise.HomeTask.Web\VismaEnterprise.HomeTask.Web.csproj", "{C7BEAAA1-A4C2-44C5-9B4D-D03873210BA2}"
EndProject
Project("{FAE04EC0-301F-11D3-BF4B-00C04F79EFBC}") = "VismaEnterprise.HomeTask.Domain", "VismaEnterprise.HomeTask.Domain\VismaEnterprise.HomeTask.Domain.csproj", "{DE683D1D-A573-466B-A02E-B62CC81EF7E0}"
EndProject
Project("{FAE04EC0-301F-11D3-BF4B-00C04F79EFBC}") = "VismaEnterprise.HomeTask.Application", "VismaEnterprise.HomeTask.Application\VismaEnterprise.HomeTask.Application.csproj", "{9B0C9667-2E07-4681-A525-DCD5C11A3880}"
EndProject
Project("{FAE04EC0-301F-11D3-BF4B-00C04F79EFBC}") = "VismaEnterprise.HomeTask.Infrastructure", "VismaEnterprise.HomeTask.Infrastructure\VismaEnterprise.HomeTask.Infrastructure.csproj", "{96F62EC2-EB69-451D-8335-09FA3691A76F}"
EndProject
Project("{FAE04EC0-301F-11D3-BF4B-00C04F79EFBC}") = "VismaEnterprise.HomeTask.UnitTests", "VismaEnterprise.HomeTask.UnitTests\VismaEnterprise.HomeTask.UnitTests.csproj", "{CA575B14-7C9A-4D76-97DD-3637ACE984F6}"
EndProject
Global
	GlobalSection(SolutionConfigurationPlatforms) = preSolution
		Debug|Any CPU = Debug|Any CPU
		Release|Any CPU = Release|Any CPU
	EndGlobalSection
	GlobalSection(ProjectConfigurationPlatforms) = postSolution
		{C7BEAAA1-A4C2-44C5-9B4D-D03873210BA2}.Debug|Any CPU.ActiveCfg = Debug|Any CPU
		{C7BEAAA1-A4C2-44C5-9B4D-D03873210BA2}.Debug|Any CPU.Build.0 = Debug|Any CPU
		{C7BEAAA1-A4C2-44C5-9B4D-D03873210BA2}.Release|Any CPU.ActiveCfg = Release|Any CPU
		{C7BEAAA1-A4C2-44C5-9B4D-D03873210BA2}.Release|Any CPU.Build.0 = Release|Any CPU
		{DE683D1D-A573-466B-A02E-B62CC81EF7E0}.Debug|Any CPU.ActiveCfg = Debug|Any CPU
		{DE683D1D-A573-466B-A02E-B62CC81EF7E0}.Debug|Any CPU.Build.0 = Debug|Any CPU
		{DE683D1D-A573-466B-A02E-B62CC81EF7E0}.Release|Any CPU.ActiveCfg = Release|Any CPU
		{DE683D1D-A573-466B-A02E-B62CC81EF7E0}.Release|Any CPU.Build.0 = Release|Any CPU
		{9B0C9667-2E07-4681-A525-DCD5C11A3880}.Debug|Any CPU.ActiveCfg = Debug|Any CPU
		{9B0C9667-2E07-4681-A525-DCD5C11A3880}.Debug|Any CPU.Build.0 = Debug|Any CPU
		{9B0C9667-2E07-4681-A525-DCD5C11A3880}.Release|Any CPU.ActiveCfg = Release|Any CPU
		{9B0C9667-2E07-4681-A525-DCD5C11A3880}.Release|Any CPU.Build.0 = Release|Any CPU
		{96F62EC2-EB69-451D-8335-09FA3691A76F}.Debug|Any CPU.ActiveCfg = Debug|Any CPU
		{96F62EC2-EB69-451D-8335-09FA3691A76F}.Debug|Any CPU.Build.0 = Debug|Any CPU
		{96F62EC2-EB69-451D-8335-09FA3691A76F}.Release|Any CPU.ActiveCfg = Release|Any CPU
		{96F62EC2-EB69-451D-8335-09FA3691A76F}.Release|Any CPU.Build.0 = Release|Any CPU
		{CA575B14-7C9A-4D76-97DD-3637ACE984F6}.Debug|Any CPU.ActiveCfg = Debug|Any CPU
		{CA575B14-7C9A-4D76-97DD-3637ACE984F6}.Debug|Any CPU.Build.0 = Debug|Any CPU
		{CA575B14-7C9A-4D76-97DD-3637ACE984F6}.Release|Any CPU.ActiveCfg = Release|Any CPU
		{CA575B14-7C9A-4D76-97DD-3637ACE984F6}.Release|Any CPU.Build.0 = Release|Any CPU
	EndGlobalSection
	GlobalSection(SolutionProperties) = preSolution
		HideSolutionNode = FALSE
	EndGlobalSection
	GlobalSection(ExtensibilityGlobals) = postSolution
		SolutionGuid = {8272797C-96EE-4A15-9421-607B7D38BD6F}
	EndGlobalSection
EndGlobal
